
Microsoft Visual Studio Solution File, Format Version 12.00
# Visual Studio 2013
VisualStudioVersion = 12.0.31101.0
MinimumVisualStudioVersion = 10.0.40219.1
Project("{FAE04EC0-301F-11D3-BF4B-00C04F79EFBC}") = "OdeToFood", "OdeToFood\OdeToFood.csproj", "{551AA862-7FFC-48A4-8623-28083851CD52}"
EndProject
Project("{FAE04EC0-301F-11D3-BF4B-00C04F79EFBC}") = "OdeToFood.Tests", "OdeToFood.Tests\OdeToFood.Tests.csproj", "{AFB8FF1F-0022-474C-9DED-1B71DF4F90BE}"
EndProject
Global
	GlobalSection(SolutionConfigurationPlatforms) = preSolution
		Debug|Any CPU = Debug|Any CPU
		Release|Any CPU = Release|Any CPU
	EndGlobalSection
	GlobalSection(ProjectConfigurationPlatforms) = postSolution
		{551AA862-7FFC-48A4-8623-28083851CD52}.Debug|Any CPU.ActiveCfg = Debug|Any CPU
		{551AA862-7FFC-48A4-8623-28083851CD52}.Debug|Any CPU.Build.0 = Debug|Any CPU
		{551AA862-7FFC-48A4-8623-28083851CD52}.Release|Any CPU.ActiveCfg = Release|Any CPU
		{551AA862-7FFC-48A4-8623-28083851CD52}.Release|Any CPU.Build.0 = Release|Any CPU
		{AFB8FF1F-0022-474C-9DED-1B71DF4F90BE}.Debug|Any CPU.ActiveCfg = Debug|Any CPU
		{AFB8FF1F-0022-474C-9DED-1B71DF4F90BE}.Debug|Any CPU.Build.0 = Debug|Any CPU
		{AFB8FF1F-0022-474C-9DED-1B71DF4F90BE}.Release|Any CPU.ActiveCfg = Release|Any CPU
		{AFB8FF1F-0022-474C-9DED-1B71DF4F90BE}.Release|Any CPU.Build.0 = Release|Any CPU
	EndGlobalSection
	GlobalSection(SolutionProperties) = preSolution
		HideSolutionNode = FALSE
	EndGlobalSection
EndGlobal
